<?xml version="1.0" encoding="utf-8"?>
<Project ToolsVersion="4.0" xmlns="http://schemas.microsoft.com/developer/msbuild/2003">
  <ItemGroup><Filter Include="Source Files"><Extensions>cpp;c</Extensions></Filter><Filter Include="Header Files"><Extensions>h;hpp</Extensions></Filter><Filter Include="Resource Files"><Extensions>rc;ico;manifest</Extensions></Filter></ItemGroup>
  <ItemGroup>
    <ClInclude Include="include\native\Types.h"><Filter>Header Files</Filter></ClInclude>
    <ClInclude Include="include\native\VariableResolver.h"><Filter>Header Files</Filter></ClInclude>
    <ClInclude Include="include\native\Assertions.h"><Filter>Header Files</Filter></ClInclude>
    <ClInclude Include="include\native\HttpEngine.h"><Filter>Header Files</Filter></ClInclude>
    <ClInclude Include="include\native\DbEngine.h"><Filter>Header Files</Filter></ClInclude>
    <ClInclude Include="include\native\CurlParser.h"><Filter>Header Files</Filter></ClInclude>
    <ClInclude Include="include\native\CodeGen.h"><Filter>Header Files</Filter></ClInclude>
    <ClInclude Include="include\native\OpenApiParser.h"><Filter>Header Files</Filter></ClInclude>
    <ClCompile Include="src\VariableResolver.cpp"><Filter>Source Files</Filter></ClCompile>
    <ClCompile Include="src\Assertions.cpp"><Filter>Source Files</Filter></ClCompile>
    <ClCompile Include="src\HttpEngine.cpp"><Filter>Source Files</Filter></ClCompile>
    <ClCompile Include="src\DbEngine.cpp"><Filter>Source Files</Filter></ClCompile>
    <ClCompile Include="src\CurlParser.cpp"><Filter>Source Files</Filter></ClCompile>
    <ClCompile Include="src\CodeGen.cpp"><Filter>Source Files</Filter></ClCompile>
    <ClCompile Include="src\OpenApiParser.cpp"><Filter>Source Files</Filter></ClCompile>
  </ItemGroup>
</Project>
