<?xml version="1.0" encoding="utf-8"?>
<Project ToolsVersion="4.0" xmlns="http://schemas.microsoft.com/developer/msbuild/2003">
  <ItemGroup><Filter Include="Source Files"><Extensions>cpp;c</Extensions></Filter><Filter Include="Header Files"><Extensions>h;hpp</Extensions></Filter><Filter Include="Resource Files"><Extensions>rc;ico;manifest</Extensions></Filter></ItemGroup>
  <ItemGroup>
    <ClInclude Include="Theme.h"><Filter>Header Files</Filter></ClInclude>
    <ClInclude Include="NativeDialogs.h"><Filter>Header Files</Filter></ClInclude>
    <ClInclude Include="CodeEditor.h"><Filter>Header Files</Filter></ClInclude>
    <ClInclude Include="HeaderBar.h"><Filter>Header Files</Filter></ClInclude>
    <ClInclude Include="ApiClientView.h"><Filter>Header Files</Filter></ClInclude>
    <ClInclude Include="DbStudioView.h"><Filter>Header Files</Filter></ClInclude>
    <ClInclude Include="ErLayout.h"><Filter>Header Files</Filter></ClInclude>
    <ClInclude Include="ErRouting.h"><Filter>Header Files</Filter></ClInclude>
    <ClInclude Include="Modals.h"><Filter>Header Files</Filter></ClInclude>
    <ClInclude Include="MainWindow.h"><Filter>Header Files</Filter></ClInclude>
    <ClInclude Include="..\resources\resource.h"><Filter>Header Files</Filter></ClInclude>
    <ClCompile Include="Theme.cpp"><Filter>Source Files</Filter></ClCompile>
    <ClCompile Include="NativeDialogs.cpp"><Filter>Source Files</Filter></ClCompile>
    <ClCompile Include="CodeEditor.cpp"><Filter>Source Files</Filter></ClCompile>
    <ClCompile Include="HeaderBar.cpp"><Filter>Source Files</Filter></ClCompile>
    <ClCompile Include="ApiClientView.cpp"><Filter>Source Files</Filter></ClCompile>
    <ClCompile Include="DbStudioView.cpp"><Filter>Source Files</Filter></ClCompile>
    <ClCompile Include="ErLayout.cpp"><Filter>Source Files</Filter></ClCompile>
    <ClCompile Include="ErRouting.cpp"><Filter>Source Files</Filter></ClCompile>
    <ClCompile Include="Modals.cpp"><Filter>Source Files</Filter></ClCompile>
    <ClCompile Include="MainWindow.cpp"><Filter>Source Files</Filter></ClCompile>
    <ClCompile Include="App.cpp"><Filter>Source Files</Filter></ClCompile>
    <ClCompile Include="UiDiagnostics.cpp"><Filter>Source Files</Filter></ClCompile>
    <ResourceCompile Include="..\resources\DataForgeStudio.rc"><Filter>Resource Files</Filter></ResourceCompile>
    <None Include="..\resources\DataForgeStudio.manifest"><Filter>Resource Files</Filter></None>
    <None Include="..\resources\icons\app.ico"><Filter>Resource Files</Filter></None>
  </ItemGroup>
</Project>
